// !$*UTF8*$!
{
	archiveVersion = 1;
	classes = {
	};
	objectVersion = 51;
	objects = {

/* Begin PBXBuildFile section */
		E22C1A3F24A46C2B00EC5B29 /* TOSTitleTableViewCell.swift in Sources */ = {isa = PBXBuildFile; fileRef = E22C1A3E24A46C2B00EC5B29 /* TOSTitleTableViewCell.swift */; };
		E22C1A4424A46DD100EC5B29 /* TermsOfServiceContent.swift in Sources */ = {isa = PBXBuildFile; fileRef = E22C1A4324A46DD100EC5B29 /* TermsOfServiceContent.swift */; };
		E22C1A4624A48A4900EC5B29 /* SetupProfileDisclaimerVC.swift in Sources */ = {isa = PBXBuildFile; fileRef = E22C1A4524A48A4900EC5B29 /* SetupProfileDisclaimerVC.swift */; };
		E23269AB2493922700D2384C /* example_service.pb.swift in Sources */ = {isa = PBXBuildFile; fileRef = E23269AA2493922700D2384C /* example_service.pb.swift */; };
		E23269AD2493AFF600D2384C /* example_service.proto in Sources */ = {isa = PBXBuildFile; fileRef = E23269AC2493AFF600D2384C /* example_service.proto */; };
		E23269AF2493B5AA00D2384C /* example_service.grpc.swift in Sources */ = {isa = PBXBuildFile; fileRef = E23269AE2493B5AA00D2384C /* example_service.grpc.swift */; };
		E2386A342487B7A40068030E /* TermsOfServiceVC.swift in Sources */ = {isa = PBXBuildFile; fileRef = E2386A332487B7A40068030E /* TermsOfServiceVC.swift */; };
		E2386A362488C23C0068030E /* ChangePasswordVC.swift in Sources */ = {isa = PBXBuildFile; fileRef = E2386A352488C23C0068030E /* ChangePasswordVC.swift */; };
		E2386A382488F4DE0068030E /* ResetPasswordVC.swift in Sources */ = {isa = PBXBuildFile; fileRef = E2386A372488F4DE0068030E /* ResetPasswordVC.swift */; };
		E23A2CC62480C92C0051EE7A /* GradientView.swift in Sources */ = {isa = PBXBuildFile; fileRef = E23A2CC52480C92C0051EE7A /* GradientView.swift */; };
		E251EFEA248F8B4B0012F1C6 /* SignupByEmailVC.swift in Sources */ = {isa = PBXBuildFile; fileRef = E251EFE9248F8B4B0012F1C6 /* SignupByEmailVC.swift */; };
		E251EFEC248F9E6F0012F1C6 /* SignupConfirmVC.swift in Sources */ = {isa = PBXBuildFile; fileRef = E251EFEB248F9E6F0012F1C6 /* SignupConfirmVC.swift */; };
		E251EFEE248FB9390012F1C6 /* CustomUnwindSegue.swift in Sources */ = {isa = PBXBuildFile; fileRef = E251EFED248FB9390012F1C6 /* CustomUnwindSegue.swift */; };
		E251EFF02490926D0012F1C6 /* OnboardingContent.swift in Sources */ = {isa = PBXBuildFile; fileRef = E251EFEF2490926D0012F1C6 /* OnboardingContent.swift */; };
		E28653C224A3950000403729 /* ClinicalLoginVC.swift in Sources */ = {isa = PBXBuildFile; fileRef = E28653C124A3950000403729 /* ClinicalLoginVC.swift */; };
		E28CEDCA24977E3A00AB6595 /* Montserrat-Medium.ttf in Resources */ = {isa = PBXBuildFile; fileRef = E28CEDC624977DFF00AB6595 /* Montserrat-Medium.ttf */; };
		E28CEDCE2497801600AB6595 /* Montserrat-Bold.ttf in Resources */ = {isa = PBXBuildFile; fileRef = E28CEDCD2497801600AB6595 /* Montserrat-Bold.ttf */; };
		E28CEDD02497803F00AB6595 /* Montserrat-Italic.ttf in Resources */ = {isa = PBXBuildFile; fileRef = E28CEDCF2497803F00AB6595 /* Montserrat-Italic.ttf */; };
		E28CEDD22497805400AB6595 /* Montserrat-Light.ttf in Resources */ = {isa = PBXBuildFile; fileRef = E28CEDD12497805400AB6595 /* Montserrat-Light.ttf */; };
		E28CEDD42497806B00AB6595 /* Montserrat-Regular.ttf in Resources */ = {isa = PBXBuildFile; fileRef = E28CEDD32497806B00AB6595 /* Montserrat-Regular.ttf */; };
		E28CEDD62497807900AB6595 /* Montserrat-SemiBold.ttf in Resources */ = {isa = PBXBuildFile; fileRef = E28CEDD52497807900AB6595 /* Montserrat-SemiBold.ttf */; };
		E2A25F862490D3C4008DAD25 /* ConfirmEmailVC.swift in Sources */ = {isa = PBXBuildFile; fileRef = E2A25F852490D3C4008DAD25 /* ConfirmEmailVC.swift */; };
		E2A25F8D24923121008DAD25 /* amplifyconfiguration.json in Resources */ = {isa = PBXBuildFile; fileRef = E2A25F8B24923120008DAD25 /* amplifyconfiguration.json */; };
		E2A25F9024923309008DAD25 /* awsconfiguration.json in Resources */ = {isa = PBXBuildFile; fileRef = E2A25F8F24923309008DAD25 /* awsconfiguration.json */; };
		E2B0333824AA04A600929D39 /* TempSignoutVC.swift in Sources */ = {isa = PBXBuildFile; fileRef = E2B0333724AA04A600929D39 /* TempSignoutVC.swift */; };
		E2B0337524AB32EA00929D39 /* AuthHandlerType.swift in Sources */ = {isa = PBXBuildFile; fileRef = E2B0337424AB32EA00929D39 /* AuthHandlerType.swift */; };
		E2B0337C24AB33FE00929D39 /* Fitbit.swift in Sources */ = {isa = PBXBuildFile; fileRef = E2B0337B24AB33FE00929D39 /* Fitbit.swift */; };
		E2B9893C248E27EC00453E0E /* UserAccount.swift in Sources */ = {isa = PBXBuildFile; fileRef = E2B9893B248E27EC00453E0E /* UserAccount.swift */; };
		E2BC505624A5E05E009E9818 /* SetupProfileNotificationVC.swift in Sources */ = {isa = PBXBuildFile; fileRef = E2BC505524A5E05E009E9818 /* SetupProfileNotificationVC.swift */; };
		E2BC505B24A5F5CF009E9818 /* SetupProfileDevicesVC.swift in Sources */ = {isa = PBXBuildFile; fileRef = E2BC505A24A5F5CF009E9818 /* SetupProfileDevicesVC.swift */; };
		E2BC505D24A5FF94009E9818 /* SetupProfileDevicesConnectCell.swift in Sources */ = {isa = PBXBuildFile; fileRef = E2BC505C24A5FF94009E9818 /* SetupProfileDevicesConnectCell.swift */; };
		E2BCA51D2484B53C007204B9 /* Muli-Bold.ttf in Resources */ = {isa = PBXBuildFile; fileRef = E2BCA51C2484B53B007204B9 /* Muli-Bold.ttf */; };
		E2BCA5202484B597007204B9 /* Muli-Regular.ttf in Resources */ = {isa = PBXBuildFile; fileRef = E2BCA51F2484B597007204B9 /* Muli-Regular.ttf */; };
		E2BCA5222485007B007204B9 /* Assets.xcassets in Resources */ = {isa = PBXBuildFile; fileRef = E2BCA5212485007B007204B9 /* Assets.xcassets */; };
		E2BCA57024865303007204B9 /* PersonalLoginVC.swift in Sources */ = {isa = PBXBuildFile; fileRef = E2BCA56F24865303007204B9 /* PersonalLoginVC.swift */; };
		E2BCA5722486542C007204B9 /* SignupVC.swift in Sources */ = {isa = PBXBuildFile; fileRef = E2BCA5712486542C007204B9 /* SignupVC.swift */; };
		E2C59DFA2498A2DE00842105 /* ProfileSetup.storyboard in Resources */ = {isa = PBXBuildFile; fileRef = E2C59DF92498A2DE00842105 /* ProfileSetup.storyboard */; };
		E2C59DFD2498DE8C00842105 /* HealthKit.framework in Frameworks */ = {isa = PBXBuildFile; fileRef = E2C59DFC2498DE8C00842105 /* HealthKit.framework */; };
		E2C59E002498E37600842105 /* CustomButtonFill.swift in Sources */ = {isa = PBXBuildFile; fileRef = E2C59DFF2498E37600842105 /* CustomButtonFill.swift */; };
		E2C59E022498F50500842105 /* SetupProfileBioDataVC.swift in Sources */ = {isa = PBXBuildFile; fileRef = E2C59E012498F50500842105 /* SetupProfileBioDataVC.swift */; };
		E2C86D5624A5CE66005CE57E /* CustomButtonOutlined.swift in Sources */ = {isa = PBXBuildFile; fileRef = E2C86D5524A5CE66005CE57E /* CustomButtonOutlined.swift */; };
		E2C86D5B24A5D359005CE57E /* SetupProfile.swift in Sources */ = {isa = PBXBuildFile; fileRef = E2C86D5A24A5D359005CE57E /* SetupProfile.swift */; };
		E2D127DB249B216200467E43 /* ResearchKit.framework in Frameworks */ = {isa = PBXBuildFile; fileRef = E2D127D5249B208100467E43 /* ResearchKit.framework */; };
		E2D127DC249B216200467E43 /* ResearchKit.framework in Embed Frameworks */ = {isa = PBXBuildFile; fileRef = E2D127D5249B208100467E43 /* ResearchKit.framework */; settings = {ATTRIBUTES = (CodeSignOnCopy, RemoveHeadersOnCopy, ); }; };
		E2D127E2249B272900467E43 /* ConsentTask.swift in Sources */ = {isa = PBXBuildFile; fileRef = E2D127E1249B272900467E43 /* ConsentTask.swift */; };
		E2D127E4249B5BCF00467E43 /* SurveyTask.swift in Sources */ = {isa = PBXBuildFile; fileRef = E2D127E3249B5BCF00467E43 /* SurveyTask.swift */; };
		E2D9973724A4FC00006CFA1F /* SetupProfileBioOptionCell.swift in Sources */ = {isa = PBXBuildFile; fileRef = E2D9973624A4FC00006CFA1F /* SetupProfileBioOptionCell.swift */; };
		E2E14BF924AF0BFC007C0470 /* User.swift in Sources */ = {isa = PBXBuildFile; fileRef = E2E14BF824AF0BFC007C0470 /* User.swift */; };
		E2ECB8BF247FE2BA0020A27E /* AppDelegate.swift in Sources */ = {isa = PBXBuildFile; fileRef = E2ECB8BE247FE2BA0020A27E /* AppDelegate.swift */; };
		E2ECB8C1247FE2BA0020A27E /* SceneDelegate.swift in Sources */ = {isa = PBXBuildFile; fileRef = E2ECB8C0247FE2BA0020A27E /* SceneDelegate.swift */; };
		E2ECB8C3247FE2BA0020A27E /* OnboardingVC.swift in Sources */ = {isa = PBXBuildFile; fileRef = E2ECB8C2247FE2BA0020A27E /* OnboardingVC.swift */; };
		E2ECB8C6247FE2BA0020A27E /* Main.storyboard in Resources */ = {isa = PBXBuildFile; fileRef = E2ECB8C4247FE2BA0020A27E /* Main.storyboard */; };
		E2ECB8CB247FE2BE0020A27E /* LaunchScreen.storyboard in Resources */ = {isa = PBXBuildFile; fileRef = E2ECB8C9247FE2BE0020A27E /* LaunchScreen.storyboard */; };
		FBCE9A05687C6173B9526DFB /* Pods_Longevity.framework in Frameworks */ = {isa = PBXBuildFile; fileRef = C293736CFF81AD83CC8526DB /* Pods_Longevity.framework */; };
/* End PBXBuildFile section */

/* Begin PBXContainerItemProxy section */
		E2D127D4249B208100467E43 /* PBXContainerItemProxy */ = {
			isa = PBXContainerItemProxy;
			containerPortal = E2D127CE249B208100467E43 /* ResearchKit.xcodeproj */;
			proxyType = 2;
			remoteGlobalIDString = B183A5951A8535D100C76870;
			remoteInfo = ResearchKit;
		};
		E2D127D6249B208100467E43 /* PBXContainerItemProxy */ = {
			isa = PBXContainerItemProxy;
			containerPortal = E2D127CE249B208100467E43 /* ResearchKit.xcodeproj */;
			proxyType = 2;
			remoteGlobalIDString = 86CC8E9A1AC09332001CCD89;
			remoteInfo = ResearchKitTests;
		};
/* End PBXContainerItemProxy section */

/* Begin PBXCopyFilesBuildPhase section */
		E2D127DD249B216200467E43 /* Embed Frameworks */ = {
			isa = PBXCopyFilesBuildPhase;
			buildActionMask = 2147483647;
			dstPath = "";
			dstSubfolderSpec = 10;
			files = (
				E2D127DC249B216200467E43 /* ResearchKit.framework in Embed Frameworks */,
			);
			name = "Embed Frameworks";
			runOnlyForDeploymentPostprocessing = 0;
		};
/* End PBXCopyFilesBuildPhase section */

/* Begin PBXFileReference section */
		92BDB3AD359C34F1CDC878EE /* Pods-Longevity.release.xcconfig */ = {isa = PBXFileReference; includeInIndex = 1; lastKnownFileType = text.xcconfig; name = "Pods-Longevity.release.xcconfig"; path = "Target Support Files/Pods-Longevity/Pods-Longevity.release.xcconfig"; sourceTree = "<group>"; };
		A2C279EAB639DBECC6A40316 /* Pods-Longevity.debug.xcconfig */ = {isa = PBXFileReference; includeInIndex = 1; lastKnownFileType = text.xcconfig; name = "Pods-Longevity.debug.xcconfig"; path = "Target Support Files/Pods-Longevity/Pods-Longevity.debug.xcconfig"; sourceTree = "<group>"; };
		C293736CFF81AD83CC8526DB /* Pods_Longevity.framework */ = {isa = PBXFileReference; explicitFileType = wrapper.framework; includeInIndex = 0; path = Pods_Longevity.framework; sourceTree = BUILT_PRODUCTS_DIR; };
		E22C1A3E24A46C2B00EC5B29 /* TOSTitleTableViewCell.swift */ = {isa = PBXFileReference; lastKnownFileType = sourcecode.swift; path = TOSTitleTableViewCell.swift; sourceTree = "<group>"; };
		E22C1A4324A46DD100EC5B29 /* TermsOfServiceContent.swift */ = {isa = PBXFileReference; lastKnownFileType = sourcecode.swift; path = TermsOfServiceContent.swift; sourceTree = "<group>"; };
		E22C1A4524A48A4900EC5B29 /* SetupProfileDisclaimerVC.swift */ = {isa = PBXFileReference; lastKnownFileType = sourcecode.swift; path = SetupProfileDisclaimerVC.swift; sourceTree = "<group>"; };
		E23269AA2493922700D2384C /* example_service.pb.swift */ = {isa = PBXFileReference; fileEncoding = 4; lastKnownFileType = sourcecode.swift; name = example_service.pb.swift; path = GRPC/ExampleService/example_service.pb.swift; sourceTree = SOURCE_ROOT; };
		E23269AC2493AFF600D2384C /* example_service.proto */ = {isa = PBXFileReference; fileEncoding = 4; lastKnownFileType = sourcecode.protobuf; name = example_service.proto; path = GRPC/ExampleService/example_service.proto; sourceTree = SOURCE_ROOT; };
		E23269AE2493B5AA00D2384C /* example_service.grpc.swift */ = {isa = PBXFileReference; fileEncoding = 4; lastKnownFileType = sourcecode.swift; name = example_service.grpc.swift; path = GRPC/ExampleService/example_service.grpc.swift; sourceTree = SOURCE_ROOT; };
		E2386A332487B7A40068030E /* TermsOfServiceVC.swift */ = {isa = PBXFileReference; lastKnownFileType = sourcecode.swift; path = TermsOfServiceVC.swift; sourceTree = "<group>"; };
		E2386A352488C23C0068030E /* ChangePasswordVC.swift */ = {isa = PBXFileReference; lastKnownFileType = sourcecode.swift; path = ChangePasswordVC.swift; sourceTree = "<group>"; };
		E2386A372488F4DE0068030E /* ResetPasswordVC.swift */ = {isa = PBXFileReference; lastKnownFileType = sourcecode.swift; path = ResetPasswordVC.swift; sourceTree = "<group>"; };
		E23A2CC52480C92C0051EE7A /* GradientView.swift */ = {isa = PBXFileReference; lastKnownFileType = sourcecode.swift; path = GradientView.swift; sourceTree = "<group>"; };
		E251EFE9248F8B4B0012F1C6 /* SignupByEmailVC.swift */ = {isa = PBXFileReference; lastKnownFileType = sourcecode.swift; path = SignupByEmailVC.swift; sourceTree = "<group>"; };
		E251EFEB248F9E6F0012F1C6 /* SignupConfirmVC.swift */ = {isa = PBXFileReference; lastKnownFileType = sourcecode.swift; path = SignupConfirmVC.swift; sourceTree = "<group>"; };
		E251EFED248FB9390012F1C6 /* CustomUnwindSegue.swift */ = {isa = PBXFileReference; lastKnownFileType = sourcecode.swift; path = CustomUnwindSegue.swift; sourceTree = "<group>"; };
		E251EFEF2490926D0012F1C6 /* OnboardingContent.swift */ = {isa = PBXFileReference; lastKnownFileType = sourcecode.swift; path = OnboardingContent.swift; sourceTree = "<group>"; };
		E28653C124A3950000403729 /* ClinicalLoginVC.swift */ = {isa = PBXFileReference; lastKnownFileType = sourcecode.swift; path = ClinicalLoginVC.swift; sourceTree = "<group>"; };
		E28CEDC624977DFF00AB6595 /* Montserrat-Medium.ttf */ = {isa = PBXFileReference; lastKnownFileType = file; name = "Montserrat-Medium.ttf"; path = "../../../../../Downloads/Montserrat-2/Montserrat-Medium.ttf"; sourceTree = "<group>"; };
		E28CEDCD2497801600AB6595 /* Montserrat-Bold.ttf */ = {isa = PBXFileReference; lastKnownFileType = file; name = "Montserrat-Bold.ttf"; path = "../../../../../Downloads/Montserrat-2/Montserrat-Bold.ttf"; sourceTree = "<group>"; };
		E28CEDCF2497803F00AB6595 /* Montserrat-Italic.ttf */ = {isa = PBXFileReference; lastKnownFileType = file; name = "Montserrat-Italic.ttf"; path = "../../../../../Downloads/Montserrat-2/Montserrat-Italic.ttf"; sourceTree = "<group>"; };
		E28CEDD12497805400AB6595 /* Montserrat-Light.ttf */ = {isa = PBXFileReference; lastKnownFileType = file; name = "Montserrat-Light.ttf"; path = "../../../../../Downloads/Montserrat-2/Montserrat-Light.ttf"; sourceTree = "<group>"; };
		E28CEDD32497806B00AB6595 /* Montserrat-Regular.ttf */ = {isa = PBXFileReference; lastKnownFileType = file; name = "Montserrat-Regular.ttf"; path = "../../../../../Downloads/Montserrat-2/Montserrat-Regular.ttf"; sourceTree = "<group>"; };
		E28CEDD52497807900AB6595 /* Montserrat-SemiBold.ttf */ = {isa = PBXFileReference; lastKnownFileType = file; name = "Montserrat-SemiBold.ttf"; path = "../../../../../Downloads/Montserrat-2/Montserrat-SemiBold.ttf"; sourceTree = "<group>"; };
		E2A25F852490D3C4008DAD25 /* ConfirmEmailVC.swift */ = {isa = PBXFileReference; lastKnownFileType = sourcecode.swift; path = ConfirmEmailVC.swift; sourceTree = "<group>"; };
		E2A25F8B24923120008DAD25 /* amplifyconfiguration.json */ = {isa = PBXFileReference; fileEncoding = 4; lastKnownFileType = text.json; path = amplifyconfiguration.json; sourceTree = SOURCE_ROOT; };
		E2A25F8F24923309008DAD25 /* awsconfiguration.json */ = {isa = PBXFileReference; fileEncoding = 4; lastKnownFileType = text.json; path = awsconfiguration.json; sourceTree = SOURCE_ROOT; };
		E2B0333724AA04A600929D39 /* TempSignoutVC.swift */ = {isa = PBXFileReference; lastKnownFileType = sourcecode.swift; path = TempSignoutVC.swift; sourceTree = "<group>"; };
		E2B0337424AB32EA00929D39 /* AuthHandlerType.swift */ = {isa = PBXFileReference; lastKnownFileType = sourcecode.swift; path = AuthHandlerType.swift; sourceTree = "<group>"; };
		E2B0337B24AB33FE00929D39 /* Fitbit.swift */ = {isa = PBXFileReference; lastKnownFileType = sourcecode.swift; path = Fitbit.swift; sourceTree = "<group>"; };
		E2B9893B248E27EC00453E0E /* UserAccount.swift */ = {isa = PBXFileReference; lastKnownFileType = sourcecode.swift; path = UserAccount.swift; sourceTree = "<group>"; };
		E2BC505524A5E05E009E9818 /* SetupProfileNotificationVC.swift */ = {isa = PBXFileReference; lastKnownFileType = sourcecode.swift; path = SetupProfileNotificationVC.swift; sourceTree = "<group>"; };
		E2BC505A24A5F5CF009E9818 /* SetupProfileDevicesVC.swift */ = {isa = PBXFileReference; lastKnownFileType = sourcecode.swift; path = SetupProfileDevicesVC.swift; sourceTree = "<group>"; };
		E2BC505C24A5FF94009E9818 /* SetupProfileDevicesConnectCell.swift */ = {isa = PBXFileReference; lastKnownFileType = sourcecode.swift; path = SetupProfileDevicesConnectCell.swift; sourceTree = "<group>"; };
		E2BCA51C2484B53B007204B9 /* Muli-Bold.ttf */ = {isa = PBXFileReference; lastKnownFileType = file; path = "Muli-Bold.ttf"; sourceTree = "<group>"; };
		E2BCA51F2484B597007204B9 /* Muli-Regular.ttf */ = {isa = PBXFileReference; lastKnownFileType = file; path = "Muli-Regular.ttf"; sourceTree = "<group>"; };
		E2BCA5212485007B007204B9 /* Assets.xcassets */ = {isa = PBXFileReference; lastKnownFileType = folder.assetcatalog; path = Assets.xcassets; sourceTree = "<group>"; };
		E2BCA56F24865303007204B9 /* PersonalLoginVC.swift */ = {isa = PBXFileReference; lastKnownFileType = sourcecode.swift; path = PersonalLoginVC.swift; sourceTree = "<group>"; };
		E2BCA5712486542C007204B9 /* SignupVC.swift */ = {isa = PBXFileReference; lastKnownFileType = sourcecode.swift; path = SignupVC.swift; sourceTree = "<group>"; };
		E2C59DF92498A2DE00842105 /* ProfileSetup.storyboard */ = {isa = PBXFileReference; lastKnownFileType = file.storyboard; path = ProfileSetup.storyboard; sourceTree = "<group>"; };
		E2C59DFB2498DE8B00842105 /* Longevity.entitlements */ = {isa = PBXFileReference; lastKnownFileType = text.plist.entitlements; path = Longevity.entitlements; sourceTree = "<group>"; };
		E2C59DFC2498DE8C00842105 /* HealthKit.framework */ = {isa = PBXFileReference; lastKnownFileType = wrapper.framework; name = HealthKit.framework; path = System/Library/Frameworks/HealthKit.framework; sourceTree = SDKROOT; };
		E2C59DFF2498E37600842105 /* CustomButtonFill.swift */ = {isa = PBXFileReference; lastKnownFileType = sourcecode.swift; path = CustomButtonFill.swift; sourceTree = "<group>"; };
		E2C59E012498F50500842105 /* SetupProfileBioDataVC.swift */ = {isa = PBXFileReference; lastKnownFileType = sourcecode.swift; path = SetupProfileBioDataVC.swift; sourceTree = "<group>"; };
		E2C86D5524A5CE66005CE57E /* CustomButtonOutlined.swift */ = {isa = PBXFileReference; lastKnownFileType = sourcecode.swift; path = CustomButtonOutlined.swift; sourceTree = "<group>"; };
		E2C86D5A24A5D359005CE57E /* SetupProfile.swift */ = {isa = PBXFileReference; lastKnownFileType = sourcecode.swift; path = SetupProfile.swift; sourceTree = "<group>"; };
		E2D127CE249B208100467E43 /* ResearchKit.xcodeproj */ = {isa = PBXFileReference; lastKnownFileType = "wrapper.pb-project"; name = ResearchKit.xcodeproj; path = ../../Apple/ResearchKit/ResearchKit.xcodeproj; sourceTree = "<group>"; };
		E2D127E1249B272900467E43 /* ConsentTask.swift */ = {isa = PBXFileReference; lastKnownFileType = sourcecode.swift; path = ConsentTask.swift; sourceTree = "<group>"; };
		E2D127E3249B5BCF00467E43 /* SurveyTask.swift */ = {isa = PBXFileReference; lastKnownFileType = sourcecode.swift; path = SurveyTask.swift; sourceTree = "<group>"; };
		E2D9973624A4FC00006CFA1F /* SetupProfileBioOptionCell.swift */ = {isa = PBXFileReference; lastKnownFileType = sourcecode.swift; path = SetupProfileBioOptionCell.swift; sourceTree = "<group>"; };
		E2E14BF824AF0BFC007C0470 /* User.swift */ = {isa = PBXFileReference; lastKnownFileType = sourcecode.swift; path = User.swift; sourceTree = "<group>"; };
		E2ECB8BB247FE2BA0020A27E /* Longevity.app */ = {isa = PBXFileReference; explicitFileType = wrapper.application; includeInIndex = 0; path = Longevity.app; sourceTree = BUILT_PRODUCTS_DIR; };
		E2ECB8BE247FE2BA0020A27E /* AppDelegate.swift */ = {isa = PBXFileReference; lastKnownFileType = sourcecode.swift; path = AppDelegate.swift; sourceTree = "<group>"; };
		E2ECB8C0247FE2BA0020A27E /* SceneDelegate.swift */ = {isa = PBXFileReference; lastKnownFileType = sourcecode.swift; path = SceneDelegate.swift; sourceTree = "<group>"; };
		E2ECB8C2247FE2BA0020A27E /* OnboardingVC.swift */ = {isa = PBXFileReference; lastKnownFileType = sourcecode.swift; path = OnboardingVC.swift; sourceTree = "<group>"; };
		E2ECB8C5247FE2BA0020A27E /* Base */ = {isa = PBXFileReference; lastKnownFileType = file.storyboard; name = Base; path = Base.lproj/Main.storyboard; sourceTree = "<group>"; };
		E2ECB8CA247FE2BE0020A27E /* Base */ = {isa = PBXFileReference; lastKnownFileType = file.storyboard; name = Base; path = Base.lproj/LaunchScreen.storyboard; sourceTree = "<group>"; };
		E2ECB8CC247FE2BE0020A27E /* Info.plist */ = {isa = PBXFileReference; lastKnownFileType = text.plist.xml; path = Info.plist; sourceTree = "<group>"; };
/* End PBXFileReference section */

/* Begin PBXFrameworksBuildPhase section */
		E2ECB8B8247FE2BA0020A27E /* Frameworks */ = {
			isa = PBXFrameworksBuildPhase;
			buildActionMask = 2147483647;
			files = (
				E2C59DFD2498DE8C00842105 /* HealthKit.framework in Frameworks */,
				E2D127DB249B216200467E43 /* ResearchKit.framework in Frameworks */,
				FBCE9A05687C6173B9526DFB /* Pods_Longevity.framework in Frameworks */,
			);
			runOnlyForDeploymentPostprocessing = 0;
		};
/* End PBXFrameworksBuildPhase section */

/* Begin PBXGroup section */
		04C2A7532EFF18097D0A9CCF /* Pods */ = {
			isa = PBXGroup;
			children = (
				A2C279EAB639DBECC6A40316 /* Pods-Longevity.debug.xcconfig */,
				92BDB3AD359C34F1CDC878EE /* Pods-Longevity.release.xcconfig */,
			);
			path = Pods;
			sourceTree = "<group>";
		};
		AC560302038330523AE32D20 /* Frameworks */ = {
			isa = PBXGroup;
			children = (
				E2C59DFC2498DE8C00842105 /* HealthKit.framework */,
				C293736CFF81AD83CC8526DB /* Pods_Longevity.framework */,
			);
			name = Frameworks;
			sourceTree = "<group>";
		};
		E22C1A4724A48A6300EC5B29 /* SetupProfile */ = {
			isa = PBXGroup;
			children = (
				E2386A332487B7A40068030E /* TermsOfServiceVC.swift */,
				E22C1A3E24A46C2B00EC5B29 /* TOSTitleTableViewCell.swift */,
				E2C59E012498F50500842105 /* SetupProfileBioDataVC.swift */,
				E22C1A4524A48A4900EC5B29 /* SetupProfileDisclaimerVC.swift */,
				E2D9973624A4FC00006CFA1F /* SetupProfileBioOptionCell.swift */,
				E2BC505524A5E05E009E9818 /* SetupProfileNotificationVC.swift */,
				E2BC505A24A5F5CF009E9818 /* SetupProfileDevicesVC.swift */,
				E2BC505C24A5FF94009E9818 /* SetupProfileDevicesConnectCell.swift */,
				E2B0333724AA04A600929D39 /* TempSignoutVC.swift */,
			);
			path = SetupProfile;
			sourceTree = "<group>";
		};
		E23269A824938E6200D2384C /* GRPC */ = {
			isa = PBXGroup;
			children = (
				E23269A924938E6D00D2384C /* ExampleService */,
			);
			path = GRPC;
			sourceTree = "<group>";
		};
		E23269A924938E6D00D2384C /* ExampleService */ = {
			isa = PBXGroup;
			children = (
				E23269AE2493B5AA00D2384C /* example_service.grpc.swift */,
				E23269AC2493AFF600D2384C /* example_service.proto */,
				E23269AA2493922700D2384C /* example_service.pb.swift */,
			);
			path = ExampleService;
			sourceTree = "<group>";
		};
		E23A2CCB24813BCD0051EE7A /* Fonts */ = {
			isa = PBXGroup;
			children = (
				E28CEDCD2497801600AB6595 /* Montserrat-Bold.ttf */,
				E28CEDCF2497803F00AB6595 /* Montserrat-Italic.ttf */,
				E28CEDC624977DFF00AB6595 /* Montserrat-Medium.ttf */,
				E28CEDD12497805400AB6595 /* Montserrat-Light.ttf */,
				E28CEDD32497806B00AB6595 /* Montserrat-Regular.ttf */,
				E28CEDD52497807900AB6595 /* Montserrat-SemiBold.ttf */,
				E2BCA51F2484B597007204B9 /* Muli-Regular.ttf */,
				E2BCA51C2484B53B007204B9 /* Muli-Bold.ttf */,
			);
			path = Fonts;
			sourceTree = "<group>";
		};
		E28653C324A3958F00403729 /* Login */ = {
			isa = PBXGroup;
			children = (
				E2BCA56F24865303007204B9 /* PersonalLoginVC.swift */,
				E28653C124A3950000403729 /* ClinicalLoginVC.swift */,
			);
			path = Login;
			sourceTree = "<group>";
		};
		E2B0337324AB327D00929D39 /* Protocols */ = {
			isa = PBXGroup;
			children = (
				E2B0337424AB32EA00929D39 /* AuthHandlerType.swift */,
			);
			path = Protocols;
			sourceTree = "<group>";
		};
		E2BCA52724853826007204B9 /* AWS */ = {
			isa = PBXGroup;
			children = (
				E2A25F8B24923120008DAD25 /* amplifyconfiguration.json */,
				E2A25F8F24923309008DAD25 /* awsconfiguration.json */,
			);
			path = AWS;
			sourceTree = "<group>";
		};
		E2C59DFE2498E34D00842105 /* CustomViews */ = {
			isa = PBXGroup;
			children = (
				E2C59DFF2498E37600842105 /* CustomButtonFill.swift */,
				E2C86D5524A5CE66005CE57E /* CustomButtonOutlined.swift */,
			);
			path = CustomViews;
			sourceTree = "<group>";
		};
		E2D127CF249B208100467E43 /* Products */ = {
			isa = PBXGroup;
			children = (
				E2D127D5249B208100467E43 /* ResearchKit.framework */,
				E2D127D7249B208100467E43 /* ResearchKitTests.xctest */,
			);
			name = Products;
			sourceTree = "<group>";
		};
		E2D127E0249B26F200467E43 /* ResearchKitTasks */ = {
			isa = PBXGroup;
			children = (
				E2D127E1249B272900467E43 /* ConsentTask.swift */,
				E2D127E3249B5BCF00467E43 /* SurveyTask.swift */,
			);
			path = ResearchKitTasks;
			sourceTree = "<group>";
		};
		E2E14BF424AF0B5C007C0470 /* API */ = {
			isa = PBXGroup;
			children = (
				E2E14BF824AF0BFC007C0470 /* User.swift */,
			);
			path = API;
			sourceTree = "<group>";
		};
		E2ECB8B2247FE2BA0020A27E = {
			isa = PBXGroup;
			children = (
				E2BCA5212485007B007204B9 /* Assets.xcassets */,
				E2D127CE249B208100467E43 /* ResearchKit.xcodeproj */,
				E2ECB8BD247FE2BA0020A27E /* Longevity */,
				E2ECB8BC247FE2BA0020A27E /* Products */,
				04C2A7532EFF18097D0A9CCF /* Pods */,
				AC560302038330523AE32D20 /* Frameworks */,
			);
			sourceTree = "<group>";
		};
		E2ECB8BC247FE2BA0020A27E /* Products */ = {
			isa = PBXGroup;
			children = (
				E2ECB8BB247FE2BA0020A27E /* Longevity.app */,
			);
			name = Products;
			sourceTree = "<group>";
		};
		E2ECB8BD247FE2BA0020A27E /* Longevity */ = {
			isa = PBXGroup;
			children = (
				E2C59DFB2498DE8B00842105 /* Longevity.entitlements */,
				E23269A824938E6200D2384C /* GRPC */,
				E2BCA52724853826007204B9 /* AWS */,
				E23A2CCB24813BCD0051EE7A /* Fonts */,
				E2ECB8D4247FE3AE0020A27E /* Model */,
				E2ECB8D2247FE3760020A27E /* View */,
				E2ECB8D3247FE3950020A27E /* Controller */,
				E2ECB8BE247FE2BA0020A27E /* AppDelegate.swift */,
				E2ECB8C0247FE2BA0020A27E /* SceneDelegate.swift */,
				E2ECB8CC247FE2BE0020A27E /* Info.plist */,
			);
			path = Longevity;
			sourceTree = "<group>";
		};
		E2ECB8D2247FE3760020A27E /* View */ = {
			isa = PBXGroup;
			children = (
				E2C59DFE2498E34D00842105 /* CustomViews */,
				E2ECB8C4247FE2BA0020A27E /* Main.storyboard */,
				E2ECB8C9247FE2BE0020A27E /* LaunchScreen.storyboard */,
				E2C59DF92498A2DE00842105 /* ProfileSetup.storyboard */,
			);
			path = View;
			sourceTree = "<group>";
		};
		E2ECB8D3247FE3950020A27E /* Controller */ = {
			isa = PBXGroup;
			children = (
				E2D127E0249B26F200467E43 /* ResearchKitTasks */,
				E2386A352488C23C0068030E /* ChangePasswordVC.swift */,
				E23A2CC52480C92C0051EE7A /* GradientView.swift */,
				E28653C324A3958F00403729 /* Login */,
				E22C1A4724A48A6300EC5B29 /* SetupProfile */,
				E2ECB8C2247FE2BA0020A27E /* OnboardingVC.swift */,
				E2386A372488F4DE0068030E /* ResetPasswordVC.swift */,
				E251EFE9248F8B4B0012F1C6 /* SignupByEmailVC.swift */,
				E2BCA5712486542C007204B9 /* SignupVC.swift */,
				E251EFEB248F9E6F0012F1C6 /* SignupConfirmVC.swift */,
				E251EFED248FB9390012F1C6 /* CustomUnwindSegue.swift */,
				E2A25F852490D3C4008DAD25 /* ConfirmEmailVC.swift */,
			);
			path = Controller;
			sourceTree = "<group>";
		};
		E2ECB8D4247FE3AE0020A27E /* Model */ = {
			isa = PBXGroup;
			children = (
				E2E14BF424AF0B5C007C0470 /* API */,
				E2B0337324AB327D00929D39 /* Protocols */,
				E2B9893B248E27EC00453E0E /* UserAccount.swift */,
				E251EFEF2490926D0012F1C6 /* OnboardingContent.swift */,
				E22C1A4324A46DD100EC5B29 /* TermsOfServiceContent.swift */,
				E2C86D5A24A5D359005CE57E /* SetupProfile.swift */,
				E2B0337B24AB33FE00929D39 /* Fitbit.swift */,
			);
			path = Model;
			sourceTree = "<group>";
		};
/* End PBXGroup section */

/* Begin PBXNativeTarget section */
		E2ECB8BA247FE2BA0020A27E /* Longevity */ = {
			isa = PBXNativeTarget;
			buildConfigurationList = E2ECB8CF247FE2BE0020A27E /* Build configuration list for PBXNativeTarget "Longevity" */;
			buildPhases = (
				2DEDA1F926233D994A0EDBF4 /* [CP] Check Pods Manifest.lock */,
				E2ECB8B7247FE2BA0020A27E /* Sources */,
				E2ECB8B8247FE2BA0020A27E /* Frameworks */,
				E2ECB8B9247FE2BA0020A27E /* Resources */,
				E23A2CC72480EFC30051EE7A /* SwiftLint */,
				E2D127DD249B216200467E43 /* Embed Frameworks */,
				459A4FAC9544A74A6BC0BB83 /* [CP] Embed Pods Frameworks */,
				E2CD373224A31F0C002ABBEC /* Sentry */,
			);
			buildRules = (
			);
			dependencies = (
			);
			name = Longevity;
			productName = Longevity;
			productReference = E2ECB8BB247FE2BA0020A27E /* Longevity.app */;
			productType = "com.apple.product-type.application";
		};
/* End PBXNativeTarget section */

/* Begin PBXProject section */
		E2ECB8B3247FE2BA0020A27E /* Project object */ = {
			isa = PBXProject;
			attributes = {
				LastSwiftUpdateCheck = 1150;
				LastUpgradeCheck = 1150;
				ORGANIZATIONNAME = vivek;
				TargetAttributes = {
					E2ECB8BA247FE2BA0020A27E = {
						CreatedOnToolsVersion = 11.5;
					};
				};
			};
			buildConfigurationList = E2ECB8B6247FE2BA0020A27E /* Build configuration list for PBXProject "Longevity" */;
			compatibilityVersion = "Xcode 9.3";
			developmentRegion = en;
			hasScannedForEncodings = 0;
			knownRegions = (
				en,
				Base,
			);
			mainGroup = E2ECB8B2247FE2BA0020A27E;
			productRefGroup = E2ECB8BC247FE2BA0020A27E /* Products */;
			projectDirPath = "";
			projectReferences = (
				{
					ProductGroup = E2D127CF249B208100467E43 /* Products */;
					ProjectRef = E2D127CE249B208100467E43 /* ResearchKit.xcodeproj */;
				},
			);
			projectRoot = "";
			targets = (
				E2ECB8BA247FE2BA0020A27E /* Longevity */,
			);
		};
/* End PBXProject section */

/* Begin PBXReferenceProxy section */
		E2D127D5249B208100467E43 /* ResearchKit.framework */ = {
			isa = PBXReferenceProxy;
			fileType = wrapper.framework;
			path = ResearchKit.framework;
			remoteRef = E2D127D4249B208100467E43 /* PBXContainerItemProxy */;
			sourceTree = BUILT_PRODUCTS_DIR;
		};
		E2D127D7249B208100467E43 /* ResearchKitTests.xctest */ = {
			isa = PBXReferenceProxy;
			fileType = wrapper.cfbundle;
			path = ResearchKitTests.xctest;
			remoteRef = E2D127D6249B208100467E43 /* PBXContainerItemProxy */;
			sourceTree = BUILT_PRODUCTS_DIR;
		};
/* End PBXReferenceProxy section */

/* Begin PBXResourcesBuildPhase section */
		E2ECB8B9247FE2BA0020A27E /* Resources */ = {
			isa = PBXResourcesBuildPhase;
			buildActionMask = 2147483647;
			files = (
				E2C59DFA2498A2DE00842105 /* ProfileSetup.storyboard in Resources */,
				E28CEDD42497806B00AB6595 /* Montserrat-Regular.ttf in Resources */,
				E2BCA5202484B597007204B9 /* Muli-Regular.ttf in Resources */,
				E28CEDD62497807900AB6595 /* Montserrat-SemiBold.ttf in Resources */,
				E28CEDCE2497801600AB6595 /* Montserrat-Bold.ttf in Resources */,
				E2A25F9024923309008DAD25 /* awsconfiguration.json in Resources */,
				E2A25F8D24923121008DAD25 /* amplifyconfiguration.json in Resources */,
				E2BCA51D2484B53C007204B9 /* Muli-Bold.ttf in Resources */,
				E2ECB8CB247FE2BE0020A27E /* LaunchScreen.storyboard in Resources */,
				E2ECB8C6247FE2BA0020A27E /* Main.storyboard in Resources */,
				E28CEDCA24977E3A00AB6595 /* Montserrat-Medium.ttf in Resources */,
				E28CEDD02497803F00AB6595 /* Montserrat-Italic.ttf in Resources */,
				E2BCA5222485007B007204B9 /* Assets.xcassets in Resources */,
				E28CEDD22497805400AB6595 /* Montserrat-Light.ttf in Resources */,
			);
			runOnlyForDeploymentPostprocessing = 0;
		};
/* End PBXResourcesBuildPhase section */

/* Begin PBXShellScriptBuildPhase section */
		2DEDA1F926233D994A0EDBF4 /* [CP] Check Pods Manifest.lock */ = {
			isa = PBXShellScriptBuildPhase;
			buildActionMask = 2147483647;
			files = (
			);
			inputFileListPaths = (
			);
			inputPaths = (
				"${PODS_PODFILE_DIR_PATH}/Podfile.lock",
				"${PODS_ROOT}/Manifest.lock",
			);
			name = "[CP] Check Pods Manifest.lock";
			outputFileListPaths = (
			);
			outputPaths = (
				"$(DERIVED_FILE_DIR)/Pods-Longevity-checkManifestLockResult.txt",
			);
			runOnlyForDeploymentPostprocessing = 0;
			shellPath = /bin/sh;
			shellScript = "diff \"${PODS_PODFILE_DIR_PATH}/Podfile.lock\" \"${PODS_ROOT}/Manifest.lock\" > /dev/null\nif [ $? != 0 ] ; then\n    # print error to STDERR\n    echo \"error: The sandbox is not in sync with the Podfile.lock. Run 'pod install' or update your CocoaPods installation.\" >&2\n    exit 1\nfi\n# This output is used by Xcode 'outputs' to avoid re-running this script phase.\necho \"SUCCESS\" > \"${SCRIPT_OUTPUT_FILE_0}\"\n";
			showEnvVarsInLog = 0;
		};
		459A4FAC9544A74A6BC0BB83 /* [CP] Embed Pods Frameworks */ = {
			isa = PBXShellScriptBuildPhase;
			buildActionMask = 2147483647;
			files = (
			);
			inputFileListPaths = (
				"${PODS_ROOT}/Target Support Files/Pods-Longevity/Pods-Longevity-frameworks-${CONFIGURATION}-input-files.xcfilelist",
			);
			name = "[CP] Embed Pods Frameworks";
			outputFileListPaths = (
				"${PODS_ROOT}/Target Support Files/Pods-Longevity/Pods-Longevity-frameworks-${CONFIGURATION}-output-files.xcfilelist",
			);
			runOnlyForDeploymentPostprocessing = 0;
			shellPath = /bin/sh;
			shellScript = "\"${PODS_ROOT}/Target Support Files/Pods-Longevity/Pods-Longevity-frameworks.sh\"\n";
			showEnvVarsInLog = 0;
		};
		E23A2CC72480EFC30051EE7A /* SwiftLint */ = {
			isa = PBXShellScriptBuildPhase;
			buildActionMask = 2147483647;
			files = (
			);
			inputFileListPaths = (
			);
			inputPaths = (
			);
			name = SwiftLint;
			outputFileListPaths = (
			);
			outputPaths = (
			);
			runOnlyForDeploymentPostprocessing = 0;
			shellPath = /bin/sh;
			shellScript = "if which ${PODS_ROOT}/SwiftLint/swiftlint >/dev/null; then\n${PODS_ROOT}/SwiftLint/swiftlint lint --config \"$SRCROOT/.swiftlint.yml\"\nelse\necho \"warning: SwiftLint not installed, download from https://github.com/realm/SwiftLint\"\nfi\n";
		};
		E2CD373224A31F0C002ABBEC /* Sentry */ = {
			isa = PBXShellScriptBuildPhase;
			buildActionMask = 12;
			files = (
			);
			inputFileListPaths = (
			);
			inputPaths = (
				"${DWARF_DSYM_FOLDER_PATH}/${DWARF_DSYM_FILE_NAME}/Contents/Resources/DWARF/${TARGET_NAME}",
			);
			name = Sentry;
			outputFileListPaths = (
			);
			outputPaths = (
			);
			runOnlyForDeploymentPostprocessing = 0;
			shellPath = /bin/sh;
			shellScript = "# Type a script or drag a script file from your workspace to insert its path.\nif which sentry-cli >/dev/null; then\nexport SENTRY_ORG=rejuve\nexport SENTRY_PROJECT=rejuve\nexport SENTRY_AUTH_TOKEN=f61c5bbd1ee24dd99d2f45fa189a29fe5af2fbcaa7e14c8891e046897b3f2665\nERROR=$(sentry-cli upload-dif \"$DWARF_DSYM_FOLDER_PATH\" 2>&1 >/dev/null)\nif [ ! $? -eq 0 ]; then\necho \"warning: sentry-cli - $ERROR\"\nfi\nelse\necho \"warning: sentry-cli not installed, download from https://github.com/getsentry/sentry-cli/releases\"\nfi\n";
		};
/* End PBXShellScriptBuildPhase section */

/* Begin PBXSourcesBuildPhase section */
		E2ECB8B7247FE2BA0020A27E /* Sources */ = {
			isa = PBXSourcesBuildPhase;
			buildActionMask = 2147483647;
			files = (
				E2C86D5624A5CE66005CE57E /* CustomButtonOutlined.swift in Sources */,
				E2B0333824AA04A600929D39 /* TempSignoutVC.swift in Sources */,
				E2B0337524AB32EA00929D39 /* AuthHandlerType.swift in Sources */,
				E2B0337C24AB33FE00929D39 /* Fitbit.swift in Sources */,
				E251EFF02490926D0012F1C6 /* OnboardingContent.swift in Sources */,
				E22C1A4424A46DD100EC5B29 /* TermsOfServiceContent.swift in Sources */,
				E22C1A3F24A46C2B00EC5B29 /* TOSTitleTableViewCell.swift in Sources */,
				E23269AF2493B5AA00D2384C /* example_service.grpc.swift in Sources */,
				E2BCA5722486542C007204B9 /* SignupVC.swift in Sources */,
				E22C1A4624A48A4900EC5B29 /* SetupProfileDisclaimerVC.swift in Sources */,
				E2D127E2249B272900467E43 /* ConsentTask.swift in Sources */,
				E2A25F862490D3C4008DAD25 /* ConfirmEmailVC.swift in Sources */,
				E23269AD2493AFF600D2384C /* example_service.proto in Sources */,
				E2386A342487B7A40068030E /* TermsOfServiceVC.swift in Sources */,
				E251EFEA248F8B4B0012F1C6 /* SignupByEmailVC.swift in Sources */,
				E2ECB8C3247FE2BA0020A27E /* OnboardingVC.swift in Sources */,
				E2C86D5B24A5D359005CE57E /* SetupProfile.swift in Sources */,
				E2BC505D24A5FF94009E9818 /* SetupProfileDevicesConnectCell.swift in Sources */,
				E251EFEC248F9E6F0012F1C6 /* SignupConfirmVC.swift in Sources */,
				E2386A362488C23C0068030E /* ChangePasswordVC.swift in Sources */,
				E2ECB8BF247FE2BA0020A27E /* AppDelegate.swift in Sources */,
				E2D127E4249B5BCF00467E43 /* SurveyTask.swift in Sources */,
				E2386A382488F4DE0068030E /* ResetPasswordVC.swift in Sources */,
				E23A2CC62480C92C0051EE7A /* GradientView.swift in Sources */,
				E2B9893C248E27EC00453E0E /* UserAccount.swift in Sources */,
				E2ECB8C1247FE2BA0020A27E /* SceneDelegate.swift in Sources */,
				E2BC505B24A5F5CF009E9818 /* SetupProfileDevicesVC.swift in Sources */,
				E28653C224A3950000403729 /* ClinicalLoginVC.swift in Sources */,
				E2C59E002498E37600842105 /* CustomButtonFill.swift in Sources */,
				E2BCA57024865303007204B9 /* PersonalLoginVC.swift in Sources */,
				E2C59E022498F50500842105 /* SetupProfileBioDataVC.swift in Sources */,
				E251EFEE248FB9390012F1C6 /* CustomUnwindSegue.swift in Sources */,
				E2E14BF924AF0BFC007C0470 /* User.swift in Sources */,
				E2D9973724A4FC00006CFA1F /* SetupProfileBioOptionCell.swift in Sources */,
				E2BC505624A5E05E009E9818 /* SetupProfileNotificationVC.swift in Sources */,
				E23269AB2493922700D2384C /* example_service.pb.swift in Sources */,
			);
			runOnlyForDeploymentPostprocessing = 0;
		};
/* End PBXSourcesBuildPhase section */

/* Begin PBXVariantGroup section */
		E2ECB8C4247FE2BA0020A27E /* Main.storyboard */ = {
			isa = PBXVariantGroup;
			children = (
				E2ECB8C5247FE2BA0020A27E /* Base */,
			);
			name = Main.storyboard;
			sourceTree = "<group>";
		};
		E2ECB8C9247FE2BE0020A27E /* LaunchScreen.storyboard */ = {
			isa = PBXVariantGroup;
			children = (
				E2ECB8CA247FE2BE0020A27E /* Base */,
			);
			name = LaunchScreen.storyboard;
			sourceTree = "<group>";
		};
/* End PBXVariantGroup section */

/* Begin XCBuildConfiguration section */
		E2ECB8CD247FE2BE0020A27E /* Debug */ = {
			isa = XCBuildConfiguration;
			buildSettings = {
				ALWAYS_SEARCH_USER_PATHS = NO;
				CLANG_ANALYZER_NONNULL = YES;
				CLANG_ANALYZER_NUMBER_OBJECT_CONVERSION = YES_AGGRESSIVE;
				CLANG_CXX_LANGUAGE_STANDARD = "gnu++14";
				CLANG_CXX_LIBRARY = "libc++";
				CLANG_ENABLE_MODULES = YES;
				CLANG_ENABLE_OBJC_ARC = YES;
				CLANG_ENABLE_OBJC_WEAK = YES;
				CLANG_WARN_BLOCK_CAPTURE_AUTORELEASING = YES;
				CLANG_WARN_BOOL_CONVERSION = YES;
				CLANG_WARN_COMMA = YES;
				CLANG_WARN_CONSTANT_CONVERSION = YES;
				CLANG_WARN_DEPRECATED_OBJC_IMPLEMENTATIONS = YES;
				CLANG_WARN_DIRECT_OBJC_ISA_USAGE = YES_ERROR;
				CLANG_WARN_DOCUMENTATION_COMMENTS = YES;
				CLANG_WARN_EMPTY_BODY = YES;
				CLANG_WARN_ENUM_CONVERSION = YES;
				CLANG_WARN_INFINITE_RECURSION = YES;
				CLANG_WARN_INT_CONVERSION = YES;
				CLANG_WARN_NON_LITERAL_NULL_CONVERSION = YES;
				CLANG_WARN_OBJC_IMPLICIT_RETAIN_SELF = YES;
				CLANG_WARN_OBJC_LITERAL_CONVERSION = YES;
				CLANG_WARN_OBJC_ROOT_CLASS = YES_ERROR;
				CLANG_WARN_RANGE_LOOP_ANALYSIS = YES;
				CLANG_WARN_STRICT_PROTOTYPES = YES;
				CLANG_WARN_SUSPICIOUS_MOVE = YES;
				CLANG_WARN_UNGUARDED_AVAILABILITY = YES_AGGRESSIVE;
				CLANG_WARN_UNREACHABLE_CODE = YES;
				CLANG_WARN__DUPLICATE_METHOD_MATCH = YES;
				COPY_PHASE_STRIP = NO;
				DEBUG_INFORMATION_FORMAT = dwarf;
				ENABLE_STRICT_OBJC_MSGSEND = YES;
				ENABLE_TESTABILITY = YES;
				GCC_C_LANGUAGE_STANDARD = gnu11;
				GCC_DYNAMIC_NO_PIC = NO;
				GCC_NO_COMMON_BLOCKS = YES;
				GCC_OPTIMIZATION_LEVEL = 0;
				GCC_PREPROCESSOR_DEFINITIONS = (
					"DEBUG=1",
					"$(inherited)",
				);
				GCC_WARN_64_TO_32_BIT_CONVERSION = YES;
				GCC_WARN_ABOUT_RETURN_TYPE = YES_ERROR;
				GCC_WARN_UNDECLARED_SELECTOR = YES;
				GCC_WARN_UNINITIALIZED_AUTOS = YES_AGGRESSIVE;
				GCC_WARN_UNUSED_FUNCTION = YES;
				GCC_WARN_UNUSED_VARIABLE = YES;
				IPHONEOS_DEPLOYMENT_TARGET = 11.0;
				MTL_ENABLE_DEBUG_INFO = INCLUDE_SOURCE;
				MTL_FAST_MATH = YES;
				ONLY_ACTIVE_ARCH = YES;
				SDKROOT = iphoneos;
				SWIFT_ACTIVE_COMPILATION_CONDITIONS = DEBUG;
				SWIFT_OPTIMIZATION_LEVEL = "-Onone";
			};
			name = Debug;
		};
		E2ECB8CE247FE2BE0020A27E /* Release */ = {
			isa = XCBuildConfiguration;
			buildSettings = {
				ALWAYS_SEARCH_USER_PATHS = NO;
				CLANG_ANALYZER_NONNULL = YES;
				CLANG_ANALYZER_NUMBER_OBJECT_CONVERSION = YES_AGGRESSIVE;
				CLANG_CXX_LANGUAGE_STANDARD = "gnu++14";
				CLANG_CXX_LIBRARY = "libc++";
				CLANG_ENABLE_MODULES = YES;
				CLANG_ENABLE_OBJC_ARC = YES;
				CLANG_ENABLE_OBJC_WEAK = YES;
				CLANG_WARN_BLOCK_CAPTURE_AUTORELEASING = YES;
				CLANG_WARN_BOOL_CONVERSION = YES;
				CLANG_WARN_COMMA = YES;
				CLANG_WARN_CONSTANT_CONVERSION = YES;
				CLANG_WARN_DEPRECATED_OBJC_IMPLEMENTATIONS = YES;
				CLANG_WARN_DIRECT_OBJC_ISA_USAGE = YES_ERROR;
				CLANG_WARN_DOCUMENTATION_COMMENTS = YES;
				CLANG_WARN_EMPTY_BODY = YES;
				CLANG_WARN_ENUM_CONVERSION = YES;
				CLANG_WARN_INFINITE_RECURSION = YES;
				CLANG_WARN_INT_CONVERSION = YES;
				CLANG_WARN_NON_LITERAL_NULL_CONVERSION = YES;
				CLANG_WARN_OBJC_IMPLICIT_RETAIN_SELF = YES;
				CLANG_WARN_OBJC_LITERAL_CONVERSION = YES;
				CLANG_WARN_OBJC_ROOT_CLASS = YES_ERROR;
				CLANG_WARN_RANGE_LOOP_ANALYSIS = YES;
				CLANG_WARN_STRICT_PROTOTYPES = YES;
				CLANG_WARN_SUSPICIOUS_MOVE = YES;
				CLANG_WARN_UNGUARDED_AVAILABILITY = YES_AGGRESSIVE;
				CLANG_WARN_UNREACHABLE_CODE = YES;
				CLANG_WARN__DUPLICATE_METHOD_MATCH = YES;
				COPY_PHASE_STRIP = NO;
				DEBUG_INFORMATION_FORMAT = "dwarf-with-dsym";
				ENABLE_NS_ASSERTIONS = NO;
				ENABLE_STRICT_OBJC_MSGSEND = YES;
				GCC_C_LANGUAGE_STANDARD = gnu11;
				GCC_NO_COMMON_BLOCKS = YES;
				GCC_WARN_64_TO_32_BIT_CONVERSION = YES;
				GCC_WARN_ABOUT_RETURN_TYPE = YES_ERROR;
				GCC_WARN_UNDECLARED_SELECTOR = YES;
				GCC_WARN_UNINITIALIZED_AUTOS = YES_AGGRESSIVE;
				GCC_WARN_UNUSED_FUNCTION = YES;
				GCC_WARN_UNUSED_VARIABLE = YES;
				IPHONEOS_DEPLOYMENT_TARGET = 11.0;
				MTL_ENABLE_DEBUG_INFO = NO;
				MTL_FAST_MATH = YES;
				SDKROOT = iphoneos;
				SWIFT_COMPILATION_MODE = wholemodule;
				SWIFT_OPTIMIZATION_LEVEL = "-O";
				VALIDATE_PRODUCT = YES;
			};
			name = Release;
		};
		E2ECB8D0247FE2BE0020A27E /* Debug */ = {
			isa = XCBuildConfiguration;
			baseConfigurationReference = A2C279EAB639DBECC6A40316 /* Pods-Longevity.debug.xcconfig */;
			buildSettings = {
				ASSETCATALOG_COMPILER_APPICON_NAME = AppIcon;
				CODE_SIGN_ENTITLEMENTS = Longevity/Longevity.entitlements;
				CODE_SIGN_STYLE = Automatic;
				DEBUG_INFORMATION_FORMAT = "dwarf-with-dsym";
				DEVELOPMENT_TEAM = "";
				INFOPLIST_FILE = Longevity/Info.plist;
				LD_RUNPATH_SEARCH_PATHS = (
					"$(inherited)",
					"@executable_path/Frameworks",
				);
				PRODUCT_BUNDLE_IDENTIFIER = io.singularitynet.Longevity;
				PRODUCT_NAME = "$(TARGET_NAME)";
				SWIFT_VERSION = 5.0;
				TARGETED_DEVICE_FAMILY = "1,2";
			};
			name = Debug;
		};
		E2ECB8D1247FE2BE0020A27E /* Release */ = {
			isa = XCBuildConfiguration;
			baseConfigurationReference = 92BDB3AD359C34F1CDC878EE /* Pods-Longevity.release.xcconfig */;
			buildSettings = {
				ASSETCATALOG_COMPILER_APPICON_NAME = AppIcon;
				CODE_SIGN_ENTITLEMENTS = Longevity/Longevity.entitlements;
				CODE_SIGN_STYLE = Automatic;
				DEVELOPMENT_TEAM = "";
				INFOPLIST_FILE = Longevity/Info.plist;
				LD_RUNPATH_SEARCH_PATHS = (
					"$(inherited)",
					"@executable_path/Frameworks",
				);
				PRODUCT_BUNDLE_IDENTIFIER = io.singularitynet.Longevity;
				PRODUCT_NAME = "$(TARGET_NAME)";
				SWIFT_VERSION = 5.0;
				TARGETED_DEVICE_FAMILY = "1,2";
			};
			name = Release;
		};
/* End XCBuildConfiguration section */

/* Begin XCConfigurationList section */
		E2ECB8B6247FE2BA0020A27E /* Build configuration list for PBXProject "Longevity" */ = {
			isa = XCConfigurationList;
			buildConfigurations = (
				E2ECB8CD247FE2BE0020A27E /* Debug */,
				E2ECB8CE247FE2BE0020A27E /* Release */,
			);
			defaultConfigurationIsVisible = 0;
			defaultConfigurationName = Release;
		};
		E2ECB8CF247FE2BE0020A27E /* Build configuration list for PBXNativeTarget "Longevity" */ = {
			isa = XCConfigurationList;
			buildConfigurations = (
				E2ECB8D0247FE2BE0020A27E /* Debug */,
				E2ECB8D1247FE2BE0020A27E /* Release */,
			);
			defaultConfigurationIsVisible = 0;
			defaultConfigurationName = Release;
		};
/* End XCConfigurationList section */
	};
	rootObject = E2ECB8B3247FE2BA0020A27E /* Project object */;
}
